
Microsoft Visual Studio Solution File, Format Version 12.00
# Visual Studio Version 17
VisualStudioVersion = 17.5.33627.172
MinimumVisualStudioVersion = 10.0.40219.1
Project("{9A19103F-16F7-4668-BE54-9A1E7A4F7556}") = "Colecao", "Colecao.csproj", "{96E3259E-8B15-41C0-8A3C-31EF11DC020D}"
EndProject
Project("{9A19103F-16F7-4668-BE54-9A1E7A4F7556}") = "TrabalhandoComArrays", "..\TrabalhandoComArrays\TrabalhandoComArrays.csproj", "{6DBD35C6-C07C-42BD-8D01-B56D92FAF420}"
EndProject
Project("{FAE04EC0-301F-11D3-BF4B-00C04F79EFBC}") = "BancoWindowsForms", "..\BancoWindowsForms\BancoWindowsForms.csproj", "{853B5B1E-EAA6-41EB-B13C-B11A3F741C5B}"
EndProject
Project("{9A19103F-16F7-4668-BE54-9A1E7A4F7556}") = "Listas", "..\Listas\Listas.csproj", "{94BFC901-6085-4353-AF4F-1B11CAA29B72}"
EndProject
Project("{9A19103F-16F7-4668-BE54-9A1E7A4F7556}") = "ListasDeObjetos", "..\ListasDeObjetos\ListasDeObjetos.csproj", "{CB374CEF-67DC-4DC2-9484-D2A4E7403F1B}"
EndProject
Project("{9A19103F-16F7-4668-BE54-9A1E7A4F7556}") = "ListaLeitura", "..\ListaLeitura\ListaLeitura.csproj", "{D4FCA53A-D95F-4B2C-96C1-E0F02D1BC5B2}"
EndProject
Project("{9A19103F-16F7-4668-BE54-9A1E7A4F7556}") = "PoderDosSets", "..\PoderDosSets\PoderDosSets.csproj", "{925E7913-23ED-4995-A230-7DE06E619597}"
EndProject
Project("{9A19103F-16F7-4668-BE54-9A1E7A4F7556}") = "SetModelos", "..\SetModelos\SetModelos.csproj", "{53141861-CDAF-4383-9D22-720E40A63FF5}"
EndProject
Project("{FAE04EC0-301F-11D3-BF4B-00C04F79EFBC}") = "LinkedList", "..\LinkedList\LinkedList.csproj", "{B5953138-0D61-4648-8782-46C65ABDEBD3}"
EndProject
Global
	GlobalSection(SolutionConfigurationPlatforms) = preSolution
		Debug|Any CPU = Debug|Any CPU
		Release|Any CPU = Release|Any CPU
	EndGlobalSection
	GlobalSection(ProjectConfigurationPlatforms) = postSolution
		{96E3259E-8B15-41C0-8A3C-31EF11DC020D}.Debug|Any CPU.ActiveCfg = Debug|Any CPU
		{96E3259E-8B15-41C0-8A3C-31EF11DC020D}.Debug|Any CPU.Build.0 = Debug|Any CPU
		{96E3259E-8B15-41C0-8A3C-31EF11DC020D}.Release|Any CPU.ActiveCfg = Release|Any CPU
		{96E3259E-8B15-41C0-8A3C-31EF11DC020D}.Release|Any CPU.Build.0 = Release|Any CPU
		{6DBD35C6-C07C-42BD-8D01-B56D92FAF420}.Debug|Any CPU.ActiveCfg = Debug|Any CPU
		{6DBD35C6-C07C-42BD-8D01-B56D92FAF420}.Debug|Any CPU.Build.0 = Debug|Any CPU
		{6DBD35C6-C07C-42BD-8D01-B56D92FAF420}.Release|Any CPU.ActiveCfg = Release|Any CPU
		{6DBD35C6-C07C-42BD-8D01-B56D92FAF420}.Release|Any CPU.Build.0 = Release|Any CPU
		{853B5B1E-EAA6-41EB-B13C-B11A3F741C5B}.Debug|Any CPU.ActiveCfg = Debug|Any CPU
		{853B5B1E-EAA6-41EB-B13C-B11A3F741C5B}.Debug|Any CPU.Build.0 = Debug|Any CPU
		{853B5B1E-EAA6-41EB-B13C-B11A3F741C5B}.Release|Any CPU.ActiveCfg = Release|Any CPU
		{853B5B1E-EAA6-41EB-B13C-B11A3F741C5B}.Release|Any CPU.Build.0 = Release|Any CPU
		{94BFC901-6085-4353-AF4F-1B11CAA29B72}.Debug|Any CPU.ActiveCfg = Debug|Any CPU
		{94BFC901-6085-4353-AF4F-1B11CAA29B72}.Debug|Any CPU.Build.0 = Debug|Any CPU
		{94BFC901-6085-4353-AF4F-1B11CAA29B72}.Release|Any CPU.ActiveCfg = Release|Any CPU
		{94BFC901-6085-4353-AF4F-1B11CAA29B72}.Release|Any CPU.Build.0 = Release|Any CPU
		{CB374CEF-67DC-4DC2-9484-D2A4E7403F1B}.Debug|Any CPU.ActiveCfg = Debug|Any CPU
		{CB374CEF-67DC-4DC2-9484-D2A4E7403F1B}.Debug|Any CPU.Build.0 = Debug|Any CPU
		{CB374CEF-67DC-4DC2-9484-D2A4E7403F1B}.Release|Any CPU.ActiveCfg = Release|Any CPU
		{CB374CEF-67DC-4DC2-9484-D2A4E7403F1B}.Release|Any CPU.Build.0 = Release|Any CPU
		{D4FCA53A-D95F-4B2C-96C1-E0F02D1BC5B2}.Debug|Any CPU.ActiveCfg = Debug|Any CPU
		{D4FCA53A-D95F-4B2C-96C1-E0F02D1BC5B2}.Debug|Any CPU.Build.0 = Debug|Any CPU
		{D4FCA53A-D95F-4B2C-96C1-E0F02D1BC5B2}.Release|Any CPU.ActiveCfg = Release|Any CPU
		{D4FCA53A-D95F-4B2C-96C1-E0F02D1BC5B2}.Release|Any CPU.Build.0 = Release|Any CPU
		{925E7913-23ED-4995-A230-7DE06E619597}.Debug|Any CPU.ActiveCfg = Debug|Any CPU
		{925E7913-23ED-4995-A230-7DE06E619597}.Debug|Any CPU.Build.0 = Debug|Any CPU
		{925E7913-23ED-4995-A230-7DE06E619597}.Release|Any CPU.ActiveCfg = Release|Any CPU
		{925E7913-23ED-4995-A230-7DE06E619597}.Release|Any CPU.Build.0 = Release|Any CPU
		{53141861-CDAF-4383-9D22-720E40A63FF5}.Debug|Any CPU.ActiveCfg = Debug|Any CPU
		{53141861-CDAF-4383-9D22-720E40A63FF5}.Debug|Any CPU.Build.0 = Debug|Any CPU
		{53141861-CDAF-4383-9D22-720E40A63FF5}.Release|Any CPU.ActiveCfg = Release|Any CPU
		{53141861-CDAF-4383-9D22-720E40A63FF5}.Release|Any CPU.Build.0 = Release|Any CPU
		{B5953138-0D61-4648-8782-46C65ABDEBD3}.Debug|Any CPU.ActiveCfg = Debug|Any CPU
		{B5953138-0D61-4648-8782-46C65ABDEBD3}.Debug|Any CPU.Build.0 = Debug|Any CPU
		{B5953138-0D61-4648-8782-46C65ABDEBD3}.Release|Any CPU.ActiveCfg = Release|Any CPU
		{B5953138-0D61-4648-8782-46C65ABDEBD3}.Release|Any CPU.Build.0 = Release|Any CPU
	EndGlobalSection
	GlobalSection(SolutionProperties) = preSolution
		HideSolutionNode = FALSE
	EndGlobalSection
	GlobalSection(ExtensibilityGlobals) = postSolution
		SolutionGuid = {B50ABE90-3ACE-4B48-8DA9-A3829427279C}
	EndGlobalSection
EndGlobal
