
Microsoft Visual Studio Solution File, Format Version 12.00
# Visual Studio Version 17
VisualStudioVersion = 17.5.33627.172
MinimumVisualStudioVersion = 10.0.40219.1
Project("{9A19103F-16F7-4668-BE54-9A1E7A4F7556}") = "Colecao", "Colecao.csproj", "{96E3259E-8B15-41C0-8A3C-31EF11DC020D}"
EndProject
Project("{FAE04EC0-301F-11D3-BF4B-00C04F79EFBC}") = "TrabalhandoComArrays", "..\TrabalhandoComArrays\TrabalhandoComArrays.csproj", "{6DBD35C6-C07C-42BD-8D01-B56D92FAF420}"
EndProject
Global
	GlobalSection(SolutionConfigurationPlatforms) = preSolution
		Debug|Any CPU = Debug|Any CPU
		Release|Any CPU = Release|Any CPU
	EndGlobalSection
	GlobalSection(ProjectConfigurationPlatforms) = postSolution
		{96E3259E-8B15-41C0-8A3C-31EF11DC020D}.Debug|Any CPU.ActiveCfg = Debug|Any CPU
		{96E3259E-8B15-41C0-8A3C-31EF11DC020D}.Debug|Any CPU.Build.0 = Debug|Any CPU
		{96E3259E-8B15-41C0-8A3C-31EF11DC020D}.Release|Any CPU.ActiveCfg = Release|Any CPU
		{96E3259E-8B15-41C0-8A3C-31EF11DC020D}.Release|Any CPU.Build.0 = Release|Any CPU
		{6DBD35C6-C07C-42BD-8D01-B56D92FAF420}.Debug|Any CPU.ActiveCfg = Debug|Any CPU
		{6DBD35C6-C07C-42BD-8D01-B56D92FAF420}.Debug|Any CPU.Build.0 = Debug|Any CPU
		{6DBD35C6-C07C-42BD-8D01-B56D92FAF420}.Release|Any CPU.ActiveCfg = Release|Any CPU
		{6DBD35C6-C07C-42BD-8D01-B56D92FAF420}.Release|Any CPU.Build.0 = Release|Any CPU
	EndGlobalSection
	GlobalSection(SolutionProperties) = preSolution
		HideSolutionNode = FALSE
	EndGlobalSection
	GlobalSection(ExtensibilityGlobals) = postSolution
		SolutionGuid = {B50ABE90-3ACE-4B48-8DA9-A3829427279C}
	EndGlobalSection
EndGlobal
